
Microsoft Visual Studio Solution File, Format Version 12.00
# Visual Studio 14
VisualStudioVersion = 14.0.25420.1
MinimumVisualStudioVersion = 10.0.40219.1
Project("{FAE04EC0-301F-11D3-BF4B-00C04F79EFBC}") = "Hurtownia", "Hurtownia\Hurtownia.csproj", "{4A6BBF5D-73FB-4B89-A1D1-CFF7A2078303}"
EndProject
Project("{FAE04EC0-301F-11D3-BF4B-00C04F79EFBC}") = "Kontrachent", "Kontrachent\Kontrachent.csproj", "{81F76B43-39AF-41AA-A0E1-A0255B65E986}"
EndProject
Project("{FAE04EC0-301F-11D3-BF4B-00C04F79EFBC}") = "Magazyn", "Magazyn\Magazyn.csproj", "{3C7121C3-E3CB-4C03-9A36-8E6BDB4833AF}"
EndProject
Project("{FAE04EC0-301F-11D3-BF4B-00C04F79EFBC}") = "Database", "Database\Database.csproj", "{73385C94-9EEA-49D7-A011-D70E709E6918}"
EndProject
Global
	GlobalSection(SolutionConfigurationPlatforms) = preSolution
		Debug|Any CPU = Debug|Any CPU
		Release|Any CPU = Release|Any CPU
	EndGlobalSection
	GlobalSection(ProjectConfigurationPlatforms) = postSolution
		{4A6BBF5D-73FB-4B89-A1D1-CFF7A2078303}.Debug|Any CPU.ActiveCfg = Debug|Any CPU
		{4A6BBF5D-73FB-4B89-A1D1-CFF7A2078303}.Debug|Any CPU.Build.0 = Debug|Any CPU
		{4A6BBF5D-73FB-4B89-A1D1-CFF7A2078303}.Release|Any CPU.ActiveCfg = Release|Any CPU
		{4A6BBF5D-73FB-4B89-A1D1-CFF7A2078303}.Release|Any CPU.Build.0 = Release|Any CPU
		{81F76B43-39AF-41AA-A0E1-A0255B65E986}.Debug|Any CPU.ActiveCfg = Debug|Any CPU
		{81F76B43-39AF-41AA-A0E1-A0255B65E986}.Debug|Any CPU.Build.0 = Debug|Any CPU
		{81F76B43-39AF-41AA-A0E1-A0255B65E986}.Release|Any CPU.ActiveCfg = Release|Any CPU
		{81F76B43-39AF-41AA-A0E1-A0255B65E986}.Release|Any CPU.Build.0 = Release|Any CPU
		{3C7121C3-E3CB-4C03-9A36-8E6BDB4833AF}.Debug|Any CPU.ActiveCfg = Debug|Any CPU
		{3C7121C3-E3CB-4C03-9A36-8E6BDB4833AF}.Debug|Any CPU.Build.0 = Debug|Any CPU
		{3C7121C3-E3CB-4C03-9A36-8E6BDB4833AF}.Release|Any CPU.ActiveCfg = Release|Any CPU
		{3C7121C3-E3CB-4C03-9A36-8E6BDB4833AF}.Release|Any CPU.Build.0 = Release|Any CPU
		{73385C94-9EEA-49D7-A011-D70E709E6918}.Debug|Any CPU.ActiveCfg = Debug|Any CPU
		{73385C94-9EEA-49D7-A011-D70E709E6918}.Debug|Any CPU.Build.0 = Debug|Any CPU
		{73385C94-9EEA-49D7-A011-D70E709E6918}.Release|Any CPU.ActiveCfg = Release|Any CPU
		{73385C94-9EEA-49D7-A011-D70E709E6918}.Release|Any CPU.Build.0 = Release|Any CPU
	EndGlobalSection
	GlobalSection(SolutionProperties) = preSolution
		HideSolutionNode = FALSE
	EndGlobalSection
EndGlobal
